
Microsoft Visual Studio Solution File, Format Version 12.00
# Visual Studio Version 17
VisualStudioVersion = 17.5.33516.290
MinimumVisualStudioVersion = 10.0.40219.1
Project("{FAE04EC0-301F-11D3-BF4B-00C04F79EFBC}") = "Controller_Action_Practice", "Controller_Action_Practice\Controller_Action_Practice.csproj", "{F6E5A638-8591-4161-8ACB-EB47F1502C85}"
EndProject
Global
	GlobalSection(SolutionConfigurationPlatforms) = preSolution
		Debug|Any CPU = Debug|Any CPU
		Release|Any CPU = Release|Any CPU
	EndGlobalSection
	GlobalSection(ProjectConfigurationPlatforms) = postSolution
		{F6E5A638-8591-4161-8ACB-EB47F1502C85}.Debug|Any CPU.ActiveCfg = Debug|Any CPU
		{F6E5A638-8591-4161-8ACB-EB47F1502C85}.Debug|Any CPU.Build.0 = Debug|Any CPU
		{F6E5A638-8591-4161-8ACB-EB47F1502C85}.Release|Any CPU.ActiveCfg = Release|Any CPU
		{F6E5A638-8591-4161-8ACB-EB47F1502C85}.Release|Any CPU.Build.0 = Release|Any CPU
	EndGlobalSection
	GlobalSection(SolutionProperties) = preSolution
		HideSolutionNode = FALSE
	EndGlobalSection
	GlobalSection(ExtensibilityGlobals) = postSolution
		SolutionGuid = {3A24505E-2C62-4CF6-82AE-09EC0D7C6F08}
	EndGlobalSection
EndGlobal
